
Microsoft Visual Studio Solution File, Format Version 12.00
# Visual Studio Version 16
VisualStudioVersion = 16.0.30011.22
MinimumVisualStudioVersion = 10.0.40219.1
Project("{FAE04EC0-301F-11D3-BF4B-00C04F79EFBC}") = "console.mobile", "console.mobile\console.mobile.csproj", "{3A1F9FA3-88C1-4686-BBB3-A238403AB2A2}"
EndProject
Project("{E24C65DC-7377-472B-9ABA-BC803B73C61A}") = "www", "www", "{0871587A-31FA-4CE9-A47F-5014B0789036}"
	ProjectSection(WebsiteProperties) = preProject
		TargetFrameworkMoniker = ".NETFramework,Version%3Dv4.0"
		Debug.AspNetCompiler.VirtualPath = "/localhost_52609"
		Debug.AspNetCompiler.PhysicalPath = "www\"
		Debug.AspNetCompiler.TargetPath = "PrecompiledWeb\localhost_52609\"
		Debug.AspNetCompiler.Updateable = "true"
		Debug.AspNetCompiler.ForceOverwrite = "true"
		Debug.AspNetCompiler.FixedNames = "false"
		Debug.AspNetCompiler.Debug = "True"
		Release.AspNetCompiler.VirtualPath = "/localhost_52609"
		Release.AspNetCompiler.PhysicalPath = "www\"
		Release.AspNetCompiler.TargetPath = "PrecompiledWeb\localhost_52609\"
		Release.AspNetCompiler.Updateable = "true"
		Release.AspNetCompiler.ForceOverwrite = "true"
		Release.AspNetCompiler.FixedNames = "false"
		Release.AspNetCompiler.Debug = "False"
		VWDPort = "52609"
	EndProjectSection
EndProject
Global
	GlobalSection(SolutionConfigurationPlatforms) = preSolution
		Debug|Any CPU = Debug|Any CPU
		Release|Any CPU = Release|Any CPU
	EndGlobalSection
	GlobalSection(ProjectConfigurationPlatforms) = postSolution
		{3A1F9FA3-88C1-4686-BBB3-A238403AB2A2}.Debug|Any CPU.ActiveCfg = Debug|Any CPU
		{3A1F9FA3-88C1-4686-BBB3-A238403AB2A2}.Debug|Any CPU.Build.0 = Debug|Any CPU
		{3A1F9FA3-88C1-4686-BBB3-A238403AB2A2}.Release|Any CPU.ActiveCfg = Release|Any CPU
		{3A1F9FA3-88C1-4686-BBB3-A238403AB2A2}.Release|Any CPU.Build.0 = Release|Any CPU
		{0871587A-31FA-4CE9-A47F-5014B0789036}.Debug|Any CPU.ActiveCfg = Debug|Any CPU
		{0871587A-31FA-4CE9-A47F-5014B0789036}.Debug|Any CPU.Build.0 = Debug|Any CPU
		{0871587A-31FA-4CE9-A47F-5014B0789036}.Release|Any CPU.ActiveCfg = Debug|Any CPU
		{0871587A-31FA-4CE9-A47F-5014B0789036}.Release|Any CPU.Build.0 = Debug|Any CPU
	EndGlobalSection
	GlobalSection(SolutionProperties) = preSolution
		HideSolutionNode = FALSE
	EndGlobalSection
	GlobalSection(ExtensibilityGlobals) = postSolution
		SolutionGuid = {8D4DFA62-95A9-447C-BD4C-5B3FDEE42E14}
	EndGlobalSection
EndGlobal
